// !$*UTF8*$!
{
	archiveVersion = 1;
	classes = {
	};
	objectVersion = 56;
	objects = {

/* Begin PBXBuildFile section */
		B95B95152B9C489D009C2F53 /* Shimmer in Frameworks */ = {isa = PBXBuildFile; productRef = B95B95142B9C489D009C2F53 /* Shimmer */; };
		B95B95172B9C4907009C2F53 /* ThreadsView+Loading.swift in Sources */ = {isa = PBXBuildFile; fileRef = B95B95162B9C4907009C2F53 /* ThreadsView+Loading.swift */; };
		B95B95192B9C49D3009C2F53 /* ThreadView+Loading.swift in Sources */ = {isa = PBXBuildFile; fileRef = B95B95182B9C49D3009C2F53 /* ThreadView+Loading.swift */; };
		B95B951B2B9C65C7009C2F53 /* ProfileHeaderView.swift in Sources */ = {isa = PBXBuildFile; fileRef = B95B951A2B9C65C7009C2F53 /* ProfileHeaderView.swift */; };
		B95B951D2B9C697D009C2F53 /* NavigationBackButtonFix.swift in Sources */ = {isa = PBXBuildFile; fileRef = B95B951C2B9C697D009C2F53 /* NavigationBackButtonFix.swift */; };
		B95B951F2B9CB6C0009C2F53 /* AvatarStackView.swift in Sources */ = {isa = PBXBuildFile; fileRef = B95B951E2B9CB6C0009C2F53 /* AvatarStackView.swift */; };
		B95B95212B9CF0D9009C2F53 /* HorizontalMenuView.swift in Sources */ = {isa = PBXBuildFile; fileRef = B95B95202B9CF0D9009C2F53 /* HorizontalMenuView.swift */; };
		B95B95232B9CF415009C2F53 /* ProfileStore.swift in Sources */ = {isa = PBXBuildFile; fileRef = B95B95222B9CF415009C2F53 /* ProfileStore.swift */; };
		B95B95252B9CF5FE009C2F53 /* ProfileMenuItem.swift in Sources */ = {isa = PBXBuildFile; fileRef = B95B95242B9CF5FE009C2F53 /* ProfileMenuItem.swift */; };
		B95B95292B9F3293009C2F53 /* OutlinedButtonStyle.swift in Sources */ = {isa = PBXBuildFile; fileRef = B95B95282B9F3293009C2F53 /* OutlinedButtonStyle.swift */; };
		B95B952B2B9F32D1009C2F53 /* FilledButtonStyle.swift in Sources */ = {isa = PBXBuildFile; fileRef = B95B952A2B9F32D1009C2F53 /* FilledButtonStyle.swift */; };
		B95B952D2B9F342D009C2F53 /* ConditionalButtonModifier.swift in Sources */ = {isa = PBXBuildFile; fileRef = B95B952C2B9F342D009C2F53 /* ConditionalButtonModifier.swift */; };
		B95B95302B9F66CB009C2F53 /* Tab.swift in Sources */ = {isa = PBXBuildFile; fileRef = B95B952F2B9F66CB009C2F53 /* Tab.swift */; };
		B95B95332B9F68E1009C2F53 /* NewThreadView.swift in Sources */ = {isa = PBXBuildFile; fileRef = B95B95322B9F68E1009C2F53 /* NewThreadView.swift */; };
		B96D12DE2B9B8AAA006ADCEE /* ThreadsApp.swift in Sources */ = {isa = PBXBuildFile; fileRef = B96D12DD2B9B8AAA006ADCEE /* ThreadsApp.swift */; };
		B96D12E02B9B8AAA006ADCEE /* MainView.swift in Sources */ = {isa = PBXBuildFile; fileRef = B96D12DF2B9B8AAA006ADCEE /* MainView.swift */; };
		B96D12E22B9B8AAB006ADCEE /* Assets.xcassets in Resources */ = {isa = PBXBuildFile; fileRef = B96D12E12B9B8AAB006ADCEE /* Assets.xcassets */; };
		B96D12E52B9B8AAB006ADCEE /* Preview Assets.xcassets in Resources */ = {isa = PBXBuildFile; fileRef = B96D12E42B9B8AAB006ADCEE /* Preview Assets.xcassets */; };
		B96D12EE2B9B8C07006ADCEE /* Thread.swift in Sources */ = {isa = PBXBuildFile; fileRef = B96D12ED2B9B8C07006ADCEE /* Thread.swift */; };
		B96D12F02B9B8C1D006ADCEE /* Author.swift in Sources */ = {isa = PBXBuildFile; fileRef = B96D12EF2B9B8C1D006ADCEE /* Author.swift */; };
		B96D12F22B9B8C5A006ADCEE /* Media.swift in Sources */ = {isa = PBXBuildFile; fileRef = B96D12F12B9B8C5A006ADCEE /* Media.swift */; };
		B96D12F42B9B8E3B006ADCEE /* ThreadView.swift in Sources */ = {isa = PBXBuildFile; fileRef = B96D12F32B9B8E3B006ADCEE /* ThreadView.swift */; };
		B96D12F62B9B911F006ADCEE /* ThreadsView.swift in Sources */ = {isa = PBXBuildFile; fileRef = B96D12F52B9B911F006ADCEE /* ThreadsView.swift */; };
		B96D12F92B9B953D006ADCEE /* Pow in Frameworks */ = {isa = PBXBuildFile; productRef = B96D12F82B9B953D006ADCEE /* Pow */; };
		B96D12FC2B9B99C5006ADCEE /* Thread+Mocks.swift in Sources */ = {isa = PBXBuildFile; fileRef = B96D12FB2B9B99C5006ADCEE /* Thread+Mocks.swift */; };
		B96D12FF2B9BAAD7006ADCEE /* ImageFetcher.swift in Sources */ = {isa = PBXBuildFile; fileRef = B96D12FE2B9BAAD7006ADCEE /* ImageFetcher.swift */; };
		B96D13012B9BAD2E006ADCEE /* Dependencies.swift in Sources */ = {isa = PBXBuildFile; fileRef = B96D13002B9BAD2E006ADCEE /* Dependencies.swift */; };
		B96D13042B9BAE55006ADCEE /* CachedAsyncImageView.swift in Sources */ = {isa = PBXBuildFile; fileRef = B96D13032B9BAE55006ADCEE /* CachedAsyncImageView.swift */; };
		B96D13082B9BB090006ADCEE /* ThreadsStore.swift in Sources */ = {isa = PBXBuildFile; fileRef = B96D13072B9BB090006ADCEE /* ThreadsStore.swift */; };
		B96D130A2B9BB0AC006ADCEE /* ThreadsProvider.swift in Sources */ = {isa = PBXBuildFile; fileRef = B96D13092B9BB0AC006ADCEE /* ThreadsProvider.swift */; };
		B96D130C2B9BB3A9006ADCEE /* ThreadStore.swift in Sources */ = {isa = PBXBuildFile; fileRef = B96D130B2B9BB3A9006ADCEE /* ThreadStore.swift */; };
		B96D13112B9BB5A2006ADCEE /* ProfileView.swift in Sources */ = {isa = PBXBuildFile; fileRef = B96D13102B9BB5A2006ADCEE /* ProfileView.swift */; };
		B96D13132B9BB5CD006ADCEE /* Author+Mock.swift in Sources */ = {isa = PBXBuildFile; fileRef = B96D13122B9BB5CD006ADCEE /* Author+Mock.swift */; };
		B96D13152B9BB6A0006ADCEE /* HomeView.swift in Sources */ = {isa = PBXBuildFile; fileRef = B96D13142B9BB6A0006ADCEE /* HomeView.swift */; };
/* End PBXBuildFile section */

/* Begin PBXFileReference section */
		B95B95162B9C4907009C2F53 /* ThreadsView+Loading.swift */ = {isa = PBXFileReference; lastKnownFileType = sourcecode.swift; path = "ThreadsView+Loading.swift"; sourceTree = "<group>"; };
		B95B95182B9C49D3009C2F53 /* ThreadView+Loading.swift */ = {isa = PBXFileReference; lastKnownFileType = sourcecode.swift; path = "ThreadView+Loading.swift"; sourceTree = "<group>"; };
		B95B951A2B9C65C7009C2F53 /* ProfileHeaderView.swift */ = {isa = PBXFileReference; lastKnownFileType = sourcecode.swift; path = ProfileHeaderView.swift; sourceTree = "<group>"; };
		B95B951C2B9C697D009C2F53 /* NavigationBackButtonFix.swift */ = {isa = PBXFileReference; lastKnownFileType = sourcecode.swift; path = NavigationBackButtonFix.swift; sourceTree = "<group>"; };
		B95B951E2B9CB6C0009C2F53 /* AvatarStackView.swift */ = {isa = PBXFileReference; lastKnownFileType = sourcecode.swift; path = AvatarStackView.swift; sourceTree = "<group>"; };
		B95B95202B9CF0D9009C2F53 /* HorizontalMenuView.swift */ = {isa = PBXFileReference; lastKnownFileType = sourcecode.swift; path = HorizontalMenuView.swift; sourceTree = "<group>"; };
		B95B95222B9CF415009C2F53 /* ProfileStore.swift */ = {isa = PBXFileReference; lastKnownFileType = sourcecode.swift; path = ProfileStore.swift; sourceTree = "<group>"; };
		B95B95242B9CF5FE009C2F53 /* ProfileMenuItem.swift */ = {isa = PBXFileReference; lastKnownFileType = sourcecode.swift; path = ProfileMenuItem.swift; sourceTree = "<group>"; };
		B95B95282B9F3293009C2F53 /* OutlinedButtonStyle.swift */ = {isa = PBXFileReference; lastKnownFileType = sourcecode.swift; path = OutlinedButtonStyle.swift; sourceTree = "<group>"; };
		B95B952A2B9F32D1009C2F53 /* FilledButtonStyle.swift */ = {isa = PBXFileReference; lastKnownFileType = sourcecode.swift; path = FilledButtonStyle.swift; sourceTree = "<group>"; };
		B95B952C2B9F342D009C2F53 /* ConditionalButtonModifier.swift */ = {isa = PBXFileReference; lastKnownFileType = sourcecode.swift; path = ConditionalButtonModifier.swift; sourceTree = "<group>"; };
		B95B952F2B9F66CB009C2F53 /* Tab.swift */ = {isa = PBXFileReference; lastKnownFileType = sourcecode.swift; path = Tab.swift; sourceTree = "<group>"; };
		B95B95322B9F68E1009C2F53 /* NewThreadView.swift */ = {isa = PBXFileReference; lastKnownFileType = sourcecode.swift; path = NewThreadView.swift; sourceTree = "<group>"; };
		B96D12DA2B9B8AAA006ADCEE /* Threads.app */ = {isa = PBXFileReference; explicitFileType = wrapper.application; includeInIndex = 0; path = Threads.app; sourceTree = BUILT_PRODUCTS_DIR; };
		B96D12DD2B9B8AAA006ADCEE /* ThreadsApp.swift */ = {isa = PBXFileReference; lastKnownFileType = sourcecode.swift; path = ThreadsApp.swift; sourceTree = "<group>"; };
		B96D12DF2B9B8AAA006ADCEE /* MainView.swift */ = {isa = PBXFileReference; lastKnownFileType = sourcecode.swift; path = MainView.swift; sourceTree = "<group>"; };
		B96D12E12B9B8AAB006ADCEE /* Assets.xcassets */ = {isa = PBXFileReference; lastKnownFileType = folder.assetcatalog; path = Assets.xcassets; sourceTree = "<group>"; };
		B96D12E42B9B8AAB006ADCEE /* Preview Assets.xcassets */ = {isa = PBXFileReference; lastKnownFileType = folder.assetcatalog; path = "Preview Assets.xcassets"; sourceTree = "<group>"; };
		B96D12ED2B9B8C07006ADCEE /* Thread.swift */ = {isa = PBXFileReference; lastKnownFileType = sourcecode.swift; path = Thread.swift; sourceTree = "<group>"; };
		B96D12EF2B9B8C1D006ADCEE /* Author.swift */ = {isa = PBXFileReference; lastKnownFileType = sourcecode.swift; path = Author.swift; sourceTree = "<group>"; };
		B96D12F12B9B8C5A006ADCEE /* Media.swift */ = {isa = PBXFileReference; lastKnownFileType = sourcecode.swift; path = Media.swift; sourceTree = "<group>"; };
		B96D12F32B9B8E3B006ADCEE /* ThreadView.swift */ = {isa = PBXFileReference; lastKnownFileType = sourcecode.swift; path = ThreadView.swift; sourceTree = "<group>"; };
		B96D12F52B9B911F006ADCEE /* ThreadsView.swift */ = {isa = PBXFileReference; lastKnownFileType = sourcecode.swift; path = ThreadsView.swift; sourceTree = "<group>"; };
		B96D12FB2B9B99C5006ADCEE /* Thread+Mocks.swift */ = {isa = PBXFileReference; lastKnownFileType = sourcecode.swift; path = "Thread+Mocks.swift"; sourceTree = "<group>"; };
		B96D12FE2B9BAAD7006ADCEE /* ImageFetcher.swift */ = {isa = PBXFileReference; lastKnownFileType = sourcecode.swift; path = ImageFetcher.swift; sourceTree = "<group>"; };
		B96D13002B9BAD2E006ADCEE /* Dependencies.swift */ = {isa = PBXFileReference; lastKnownFileType = sourcecode.swift; path = Dependencies.swift; sourceTree = "<group>"; };
		B96D13032B9BAE55006ADCEE /* CachedAsyncImageView.swift */ = {isa = PBXFileReference; lastKnownFileType = sourcecode.swift; path = CachedAsyncImageView.swift; sourceTree = "<group>"; };
		B96D13072B9BB090006ADCEE /* ThreadsStore.swift */ = {isa = PBXFileReference; lastKnownFileType = sourcecode.swift; path = ThreadsStore.swift; sourceTree = "<group>"; };
		B96D13092B9BB0AC006ADCEE /* ThreadsProvider.swift */ = {isa = PBXFileReference; lastKnownFileType = sourcecode.swift; path = ThreadsProvider.swift; sourceTree = "<group>"; };
		B96D130B2B9BB3A9006ADCEE /* ThreadStore.swift */ = {isa = PBXFileReference; lastKnownFileType = sourcecode.swift; path = ThreadStore.swift; sourceTree = "<group>"; };
		B96D13102B9BB5A2006ADCEE /* ProfileView.swift */ = {isa = PBXFileReference; lastKnownFileType = sourcecode.swift; path = ProfileView.swift; sourceTree = "<group>"; };
		B96D13122B9BB5CD006ADCEE /* Author+Mock.swift */ = {isa = PBXFileReference; lastKnownFileType = sourcecode.swift; path = "Author+Mock.swift"; sourceTree = "<group>"; };
		B96D13142B9BB6A0006ADCEE /* HomeView.swift */ = {isa = PBXFileReference; lastKnownFileType = sourcecode.swift; path = HomeView.swift; sourceTree = "<group>"; };
/* End PBXFileReference section */

/* Begin PBXFrameworksBuildPhase section */
		B96D12D72B9B8AAA006ADCEE /* Frameworks */ = {
			isa = PBXFrameworksBuildPhase;
			buildActionMask = 2147483647;
			files = (
				B95B95152B9C489D009C2F53 /* Shimmer in Frameworks */,
				B96D12F92B9B953D006ADCEE /* Pow in Frameworks */,
			);
			runOnlyForDeploymentPostprocessing = 0;
		};
/* End PBXFrameworksBuildPhase section */

/* Begin PBXGroup section */
		B95B95262B9F3284009C2F53 /* Styles */ = {
			isa = PBXGroup;
			children = (
				B95B95272B9F328D009C2F53 /* Buttons */,
			);
			path = Styles;
			sourceTree = "<group>";
		};
		B95B95272B9F328D009C2F53 /* Buttons */ = {
			isa = PBXGroup;
			children = (
				B95B95282B9F3293009C2F53 /* OutlinedButtonStyle.swift */,
				B95B952A2B9F32D1009C2F53 /* FilledButtonStyle.swift */,
				B95B952C2B9F342D009C2F53 /* ConditionalButtonModifier.swift */,
			);
			path = Buttons;
			sourceTree = "<group>";
		};
		B95B952E2B9F66C3009C2F53 /* Root */ = {
			isa = PBXGroup;
			children = (
				B96D12DF2B9B8AAA006ADCEE /* MainView.swift */,
				B95B952F2B9F66CB009C2F53 /* Tab.swift */,
			);
			path = Root;
			sourceTree = "<group>";
		};
		B95B95312B9F68D6009C2F53 /* New */ = {
			isa = PBXGroup;
			children = (
				B95B95322B9F68E1009C2F53 /* NewThreadView.swift */,
			);
			path = New;
			sourceTree = "<group>";
		};
		B96D12D12B9B8AAA006ADCEE = {
			isa = PBXGroup;
			children = (
				B96D12DC2B9B8AAA006ADCEE /* Threads */,
				B96D12DB2B9B8AAA006ADCEE /* Products */,
			);
			sourceTree = "<group>";
		};
		B96D12DB2B9B8AAA006ADCEE /* Products */ = {
			isa = PBXGroup;
			children = (
				B96D12DA2B9B8AAA006ADCEE /* Threads.app */,
			);
			name = Products;
			sourceTree = "<group>";
		};
		B96D12DC2B9B8AAA006ADCEE /* Threads */ = {
			isa = PBXGroup;
			children = (
				B96D12DD2B9B8AAA006ADCEE /* ThreadsApp.swift */,
				B96D13002B9BAD2E006ADCEE /* Dependencies.swift */,
				B95B95262B9F3284009C2F53 /* Styles */,
				B96D13022B9BAE49006ADCEE /* Components */,
				B96D13052B9BB07B006ADCEE /* Features */,
				B96D12FD2B9BAAC8006ADCEE /* Services */,
				B96D12EC2B9B8BF9006ADCEE /* Models */,
				B96D12FA2B9B99B9006ADCEE /* Mocks */,
				B96D12E12B9B8AAB006ADCEE /* Assets.xcassets */,
				B96D12E32B9B8AAB006ADCEE /* Preview Content */,
			);
			path = Threads;
			sourceTree = "<group>";
		};
		B96D12E32B9B8AAB006ADCEE /* Preview Content */ = {
			isa = PBXGroup;
			children = (
				B96D12E42B9B8AAB006ADCEE /* Preview Assets.xcassets */,
			);
			path = "Preview Content";
			sourceTree = "<group>";
		};
		B96D12EC2B9B8BF9006ADCEE /* Models */ = {
			isa = PBXGroup;
			children = (
				B96D12ED2B9B8C07006ADCEE /* Thread.swift */,
				B96D12F12B9B8C5A006ADCEE /* Media.swift */,
				B96D12EF2B9B8C1D006ADCEE /* Author.swift */,
			);
			path = Models;
			sourceTree = "<group>";
		};
		B96D12FA2B9B99B9006ADCEE /* Mocks */ = {
			isa = PBXGroup;
			children = (
				B96D12FB2B9B99C5006ADCEE /* Thread+Mocks.swift */,
				B96D13122B9BB5CD006ADCEE /* Author+Mock.swift */,
			);
			path = Mocks;
			sourceTree = "<group>";
		};
		B96D12FD2B9BAAC8006ADCEE /* Services */ = {
			isa = PBXGroup;
			children = (
				B96D13092B9BB0AC006ADCEE /* ThreadsProvider.swift */,
				B96D12FE2B9BAAD7006ADCEE /* ImageFetcher.swift */,
			);
			path = Services;
			sourceTree = "<group>";
		};
		B96D13022B9BAE49006ADCEE /* Components */ = {
			isa = PBXGroup;
			children = (
				B96D13032B9BAE55006ADCEE /* CachedAsyncImageView.swift */,
				B95B95202B9CF0D9009C2F53 /* HorizontalMenuView.swift */,
				B95B951C2B9C697D009C2F53 /* NavigationBackButtonFix.swift */,
				B95B951E2B9CB6C0009C2F53 /* AvatarStackView.swift */,
			);
			path = Components;
			sourceTree = "<group>";
		};
		B96D13052B9BB07B006ADCEE /* Features */ = {
			isa = PBXGroup;
			children = (
				B95B95312B9F68D6009C2F53 /* New */,
				B95B952E2B9F66C3009C2F53 /* Root */,
				B96D13162B9BB8C7006ADCEE /* Home */,
				B96D130F2B9BB58F006ADCEE /* Profile */,
				B96D130E2B9BB527006ADCEE /* Thread */,
				B96D13062B9BB081006ADCEE /* Threads */,
			);
			path = Features;
			sourceTree = "<group>";
		};
		B96D13062B9BB081006ADCEE /* Threads */ = {
			isa = PBXGroup;
			children = (
				B96D12F52B9B911F006ADCEE /* ThreadsView.swift */,
				B95B95162B9C4907009C2F53 /* ThreadsView+Loading.swift */,
				B96D13072B9BB090006ADCEE /* ThreadsStore.swift */,
			);
			path = Threads;
			sourceTree = "<group>";
		};
		B96D130E2B9BB527006ADCEE /* Thread */ = {
			isa = PBXGroup;
			children = (
				B96D12F32B9B8E3B006ADCEE /* ThreadView.swift */,
				B96D130B2B9BB3A9006ADCEE /* ThreadStore.swift */,
				B95B95182B9C49D3009C2F53 /* ThreadView+Loading.swift */,
			);
			path = Thread;
			sourceTree = "<group>";
		};
		B96D130F2B9BB58F006ADCEE /* Profile */ = {
			isa = PBXGroup;
			children = (
				B96D13102B9BB5A2006ADCEE /* ProfileView.swift */,
				B95B95242B9CF5FE009C2F53 /* ProfileMenuItem.swift */,
				B95B951A2B9C65C7009C2F53 /* ProfileHeaderView.swift */,
				B95B95222B9CF415009C2F53 /* ProfileStore.swift */,
			);
			path = Profile;
			sourceTree = "<group>";
		};
		B96D13162B9BB8C7006ADCEE /* Home */ = {
			isa = PBXGroup;
			children = (
				B96D13142B9BB6A0006ADCEE /* HomeView.swift */,
			);
			path = Home;
			sourceTree = "<group>";
		};
/* End PBXGroup section */

/* Begin PBXNativeTarget section */
		B96D12D92B9B8AAA006ADCEE /* Threads */ = {
			isa = PBXNativeTarget;
			buildConfigurationList = B96D12E82B9B8AAB006ADCEE /* Build configuration list for PBXNativeTarget "Threads" */;
			buildPhases = (
				B96D12D62B9B8AAA006ADCEE /* Sources */,
				B96D12D72B9B8AAA006ADCEE /* Frameworks */,
				B96D12D82B9B8AAA006ADCEE /* Resources */,
			);
			buildRules = (
			);
			dependencies = (
			);
			name = Threads;
			packageProductDependencies = (
				B96D12F82B9B953D006ADCEE /* Pow */,
				B95B95142B9C489D009C2F53 /* Shimmer */,
			);
			productName = Threads;
			productReference = B96D12DA2B9B8AAA006ADCEE /* Threads.app */;
			productType = "com.apple.product-type.application";
		};
/* End PBXNativeTarget section */

/* Begin PBXProject section */
		B96D12D22B9B8AAA006ADCEE /* Project object */ = {
			isa = PBXProject;
			attributes = {
				BuildIndependentTargetsInParallel = 1;
				LastSwiftUpdateCheck = 1530;
				LastUpgradeCheck = 1530;
				TargetAttributes = {
					B96D12D92B9B8AAA006ADCEE = {
						CreatedOnToolsVersion = 15.3;
					};
				};
			};
			buildConfigurationList = B96D12D52B9B8AAA006ADCEE /* Build configuration list for PBXProject "Threads" */;
			compatibilityVersion = "Xcode 14.0";
			developmentRegion = en;
			hasScannedForEncodings = 0;
			knownRegions = (
				en,
				Base,
			);
			mainGroup = B96D12D12B9B8AAA006ADCEE;
			packageReferences = (
				B96D12F72B9B953D006ADCEE /* XCRemoteSwiftPackageReference "Pow" */,
				B95B95132B9C489D009C2F53 /* XCRemoteSwiftPackageReference "SwiftUI-Shimmer" */,
			);
			productRefGroup = B96D12DB2B9B8AAA006ADCEE /* Products */;
			projectDirPath = "";
			projectRoot = "";
			targets = (
				B96D12D92B9B8AAA006ADCEE /* Threads */,
			);
		};
/* End PBXProject section */

/* Begin PBXResourcesBuildPhase section */
		B96D12D82B9B8AAA006ADCEE /* Resources */ = {
			isa = PBXResourcesBuildPhase;
			buildActionMask = 2147483647;
			files = (
				B96D12E52B9B8AAB006ADCEE /* Preview Assets.xcassets in Resources */,
				B96D12E22B9B8AAB006ADCEE /* Assets.xcassets in Resources */,
			);
			runOnlyForDeploymentPostprocessing = 0;
		};
/* End PBXResourcesBuildPhase section */

/* Begin PBXSourcesBuildPhase section */
		B96D12D62B9B8AAA006ADCEE /* Sources */ = {
			isa = PBXSourcesBuildPhase;
			buildActionMask = 2147483647;
			files = (
				B96D12F42B9B8E3B006ADCEE /* ThreadView.swift in Sources */,
				B96D12E02B9B8AAA006ADCEE /* MainView.swift in Sources */,
				B95B95212B9CF0D9009C2F53 /* HorizontalMenuView.swift in Sources */,
				B96D12EE2B9B8C07006ADCEE /* Thread.swift in Sources */,
				B96D12FF2B9BAAD7006ADCEE /* ImageFetcher.swift in Sources */,
				B96D13132B9BB5CD006ADCEE /* Author+Mock.swift in Sources */,
				B96D13152B9BB6A0006ADCEE /* HomeView.swift in Sources */,
				B95B95332B9F68E1009C2F53 /* NewThreadView.swift in Sources */,
				B95B951F2B9CB6C0009C2F53 /* AvatarStackView.swift in Sources */,
				B95B952B2B9F32D1009C2F53 /* FilledButtonStyle.swift in Sources */,
				B96D12F02B9B8C1D006ADCEE /* Author.swift in Sources */,
				B95B951B2B9C65C7009C2F53 /* ProfileHeaderView.swift in Sources */,
				B96D13082B9BB090006ADCEE /* ThreadsStore.swift in Sources */,
				B95B95232B9CF415009C2F53 /* ProfileStore.swift in Sources */,
				B96D12F62B9B911F006ADCEE /* ThreadsView.swift in Sources */,
				B95B951D2B9C697D009C2F53 /* NavigationBackButtonFix.swift in Sources */,
				B95B95252B9CF5FE009C2F53 /* ProfileMenuItem.swift in Sources */,
				B95B95302B9F66CB009C2F53 /* Tab.swift in Sources */,
				B95B952D2B9F342D009C2F53 /* ConditionalButtonModifier.swift in Sources */,
				B96D13112B9BB5A2006ADCEE /* ProfileView.swift in Sources */,
				B96D13042B9BAE55006ADCEE /* CachedAsyncImageView.swift in Sources */,
				B96D130A2B9BB0AC006ADCEE /* ThreadsProvider.swift in Sources */,
				B95B95192B9C49D3009C2F53 /* ThreadView+Loading.swift in Sources */,
				B96D130C2B9BB3A9006ADCEE /* ThreadStore.swift in Sources */,
				B96D13012B9BAD2E006ADCEE /* Dependencies.swift in Sources */,
				B96D12FC2B9B99C5006ADCEE /* Thread+Mocks.swift in Sources */,
				B95B95292B9F3293009C2F53 /* OutlinedButtonStyle.swift in Sources */,
				B95B95172B9C4907009C2F53 /* ThreadsView+Loading.swift in Sources */,
				B96D12DE2B9B8AAA006ADCEE /* ThreadsApp.swift in Sources */,
				B96D12F22B9B8C5A006ADCEE /* Media.swift in Sources */,
			);
			runOnlyForDeploymentPostprocessing = 0;
		};
/* End PBXSourcesBuildPhase section */

/* Begin XCBuildConfiguration section */
		B96D12E62B9B8AAB006ADCEE /* Debug */ = {
			isa = XCBuildConfiguration;
			buildSettings = {
				ALWAYS_SEARCH_USER_PATHS = NO;
				ASSETCATALOG_COMPILER_GENERATE_SWIFT_ASSET_SYMBOL_EXTENSIONS = YES;
				CLANG_ANALYZER_NONNULL = YES;
				CLANG_ANALYZER_NUMBER_OBJECT_CONVERSION = YES_AGGRESSIVE;
				CLANG_CXX_LANGUAGE_STANDARD = "gnu++20";
				CLANG_ENABLE_MODULES = YES;
				CLANG_ENABLE_OBJC_ARC = YES;
				CLANG_ENABLE_OBJC_WEAK = YES;
				CLANG_WARN_BLOCK_CAPTURE_AUTORELEASING = YES;
				CLANG_WARN_BOOL_CONVERSION = YES;
				CLANG_WARN_COMMA = YES;
				CLANG_WARN_CONSTANT_CONVERSION = YES;
				CLANG_WARN_DEPRECATED_OBJC_IMPLEMENTATIONS = YES;
				CLANG_WARN_DIRECT_OBJC_ISA_USAGE = YES_ERROR;
				CLANG_WARN_DOCUMENTATION_COMMENTS = YES;
				CLANG_WARN_EMPTY_BODY = YES;
				CLANG_WARN_ENUM_CONVERSION = YES;
				CLANG_WARN_INFINITE_RECURSION = YES;
				CLANG_WARN_INT_CONVERSION = YES;
				CLANG_WARN_NON_LITERAL_NULL_CONVERSION = YES;
				CLANG_WARN_OBJC_IMPLICIT_RETAIN_SELF = YES;
				CLANG_WARN_OBJC_LITERAL_CONVERSION = YES;
				CLANG_WARN_OBJC_ROOT_CLASS = YES_ERROR;
				CLANG_WARN_QUOTED_INCLUDE_IN_FRAMEWORK_HEADER = YES;
				CLANG_WARN_RANGE_LOOP_ANALYSIS = YES;
				CLANG_WARN_STRICT_PROTOTYPES = YES;
				CLANG_WARN_SUSPICIOUS_MOVE = YES;
				CLANG_WARN_UNGUARDED_AVAILABILITY = YES_AGGRESSIVE;
				CLANG_WARN_UNREACHABLE_CODE = YES;
				CLANG_WARN__DUPLICATE_METHOD_MATCH = YES;
				COPY_PHASE_STRIP = NO;
				DEBUG_INFORMATION_FORMAT = dwarf;
				ENABLE_STRICT_OBJC_MSGSEND = YES;
				ENABLE_TESTABILITY = YES;
				ENABLE_USER_SCRIPT_SANDBOXING = YES;
				GCC_C_LANGUAGE_STANDARD = gnu17;
				GCC_DYNAMIC_NO_PIC = NO;
				GCC_NO_COMMON_BLOCKS = YES;
				GCC_OPTIMIZATION_LEVEL = 0;
				GCC_PREPROCESSOR_DEFINITIONS = (
					"DEBUG=1",
					"$(inherited)",
				);
				GCC_WARN_64_TO_32_BIT_CONVERSION = YES;
				GCC_WARN_ABOUT_RETURN_TYPE = YES_ERROR;
				GCC_WARN_UNDECLARED_SELECTOR = YES;
				GCC_WARN_UNINITIALIZED_AUTOS = YES_AGGRESSIVE;
				GCC_WARN_UNUSED_FUNCTION = YES;
				GCC_WARN_UNUSED_VARIABLE = YES;
				IPHONEOS_DEPLOYMENT_TARGET = 17.4;
				LOCALIZATION_PREFERS_STRING_CATALOGS = YES;
				MTL_ENABLE_DEBUG_INFO = INCLUDE_SOURCE;
				MTL_FAST_MATH = YES;
				ONLY_ACTIVE_ARCH = YES;
				SDKROOT = iphoneos;
				SWIFT_ACTIVE_COMPILATION_CONDITIONS = "DEBUG $(inherited)";
				SWIFT_OPTIMIZATION_LEVEL = "-Onone";
			};
			name = Debug;
		};
		B96D12E72B9B8AAB006ADCEE /* Release */ = {
			isa = XCBuildConfiguration;
			buildSettings = {
				ALWAYS_SEARCH_USER_PATHS = NO;
				ASSETCATALOG_COMPILER_GENERATE_SWIFT_ASSET_SYMBOL_EXTENSIONS = YES;
				CLANG_ANALYZER_NONNULL = YES;
				CLANG_ANALYZER_NUMBER_OBJECT_CONVERSION = YES_AGGRESSIVE;
				CLANG_CXX_LANGUAGE_STANDARD = "gnu++20";
				CLANG_ENABLE_MODULES = YES;
				CLANG_ENABLE_OBJC_ARC = YES;
				CLANG_ENABLE_OBJC_WEAK = YES;
				CLANG_WARN_BLOCK_CAPTURE_AUTORELEASING = YES;
				CLANG_WARN_BOOL_CONVERSION = YES;
				CLANG_WARN_COMMA = YES;
				CLANG_WARN_CONSTANT_CONVERSION = YES;
				CLANG_WARN_DEPRECATED_OBJC_IMPLEMENTATIONS = YES;
				CLANG_WARN_DIRECT_OBJC_ISA_USAGE = YES_ERROR;
				CLANG_WARN_DOCUMENTATION_COMMENTS = YES;
				CLANG_WARN_EMPTY_BODY = YES;
				CLANG_WARN_ENUM_CONVERSION = YES;
				CLANG_WARN_INFINITE_RECURSION = YES;
				CLANG_WARN_INT_CONVERSION = YES;
				CLANG_WARN_NON_LITERAL_NULL_CONVERSION = YES;
				CLANG_WARN_OBJC_IMPLICIT_RETAIN_SELF = YES;
				CLANG_WARN_OBJC_LITERAL_CONVERSION = YES;
				CLANG_WARN_OBJC_ROOT_CLASS = YES_ERROR;
				CLANG_WARN_QUOTED_INCLUDE_IN_FRAMEWORK_HEADER = YES;
				CLANG_WARN_RANGE_LOOP_ANALYSIS = YES;
				CLANG_WARN_STRICT_PROTOTYPES = YES;
				CLANG_WARN_SUSPICIOUS_MOVE = YES;
				CLANG_WARN_UNGUARDED_AVAILABILITY = YES_AGGRESSIVE;
				CLANG_WARN_UNREACHABLE_CODE = YES;
				CLANG_WARN__DUPLICATE_METHOD_MATCH = YES;
				COPY_PHASE_STRIP = NO;
				DEBUG_INFORMATION_FORMAT = "dwarf-with-dsym";
				ENABLE_NS_ASSERTIONS = NO;
				ENABLE_STRICT_OBJC_MSGSEND = YES;
				ENABLE_USER_SCRIPT_SANDBOXING = YES;
				GCC_C_LANGUAGE_STANDARD = gnu17;
				GCC_NO_COMMON_BLOCKS = YES;
				GCC_WARN_64_TO_32_BIT_CONVERSION = YES;
				GCC_WARN_ABOUT_RETURN_TYPE = YES_ERROR;
				GCC_WARN_UNDECLARED_SELECTOR = YES;
				GCC_WARN_UNINITIALIZED_AUTOS = YES_AGGRESSIVE;
				GCC_WARN_UNUSED_FUNCTION = YES;
				GCC_WARN_UNUSED_VARIABLE = YES;
				IPHONEOS_DEPLOYMENT_TARGET = 17.4;
				LOCALIZATION_PREFERS_STRING_CATALOGS = YES;
				MTL_ENABLE_DEBUG_INFO = NO;
				MTL_FAST_MATH = YES;
				SDKROOT = iphoneos;
				SWIFT_COMPILATION_MODE = wholemodule;
				VALIDATE_PRODUCT = YES;
			};
			name = Release;
		};
		B96D12E92B9B8AAB006ADCEE /* Debug */ = {
			isa = XCBuildConfiguration;
			buildSettings = {
				ASSETCATALOG_COMPILER_APPICON_NAME = AppIcon;
				ASSETCATALOG_COMPILER_GLOBAL_ACCENT_COLOR_NAME = AccentColor;
				CODE_SIGN_STYLE = Automatic;
				CURRENT_PROJECT_VERSION = 1;
				DEVELOPMENT_ASSET_PATHS = "\"Threads/Preview Content\"";
				DEVELOPMENT_TEAM = 3TLQ6C265H;
				ENABLE_PREVIEWS = YES;
				GENERATE_INFOPLIST_FILE = YES;
				INFOPLIST_KEY_UIApplicationSceneManifest_Generation = YES;
				INFOPLIST_KEY_UIApplicationSupportsIndirectInputEvents = YES;
				INFOPLIST_KEY_UILaunchScreen_Generation = YES;
				INFOPLIST_KEY_UISupportedInterfaceOrientations_iPad = "UIInterfaceOrientationPortrait UIInterfaceOrientationPortraitUpsideDown UIInterfaceOrientationLandscapeLeft UIInterfaceOrientationLandscapeRight";
				INFOPLIST_KEY_UISupportedInterfaceOrientations_iPhone = "UIInterfaceOrientationPortrait UIInterfaceOrientationLandscapeLeft UIInterfaceOrientationLandscapeRight";
				LD_RUNPATH_SEARCH_PATHS = (
					"$(inherited)",
					"@executable_path/Frameworks",
				);
				MARKETING_VERSION = 1.0;
				PRODUCT_BUNDLE_IDENTIFIER = com.gorecki.Threads;
				PRODUCT_NAME = "$(TARGET_NAME)";
				SWIFT_EMIT_LOC_STRINGS = YES;
				SWIFT_VERSION = 5.0;
				TARGETED_DEVICE_FAMILY = "1,2";
			};
			name = Debug;
		};
		B96D12EA2B9B8AAB006ADCEE /* Release */ = {
			isa = XCBuildConfiguration;
			buildSettings = {
				ASSETCATALOG_COMPILER_APPICON_NAME = AppIcon;
				ASSETCATALOG_COMPILER_GLOBAL_ACCENT_COLOR_NAME = AccentColor;
				CODE_SIGN_STYLE = Automatic;
				CURRENT_PROJECT_VERSION = 1;
				DEVELOPMENT_ASSET_PATHS = "\"Threads/Preview Content\"";
				DEVELOPMENT_TEAM = 3TLQ6C265H;
				ENABLE_PREVIEWS = YES;
				GENERATE_INFOPLIST_FILE = YES;
				INFOPLIST_KEY_UIApplicationSceneManifest_Generation = YES;
				INFOPLIST_KEY_UIApplicationSupportsIndirectInputEvents = YES;
				INFOPLIST_KEY_UILaunchScreen_Generation = YES;
				INFOPLIST_KEY_UISupportedInterfaceOrientations_iPad = "UIInterfaceOrientationPortrait UIInterfaceOrientationPortraitUpsideDown UIInterfaceOrientationLandscapeLeft UIInterfaceOrientationLandscapeRight";
				INFOPLIST_KEY_UISupportedInterfaceOrientations_iPhone = "UIInterfaceOrientationPortrait UIInterfaceOrientationLandscapeLeft UIInterfaceOrientationLandscapeRight";
				LD_RUNPATH_SEARCH_PATHS = (
					"$(inherited)",
					"@executable_path/Frameworks",
				);
				MARKETING_VERSION = 1.0;
				PRODUCT_BUNDLE_IDENTIFIER = com.gorecki.Threads;
				PRODUCT_NAME = "$(TARGET_NAME)";
				SWIFT_EMIT_LOC_STRINGS = YES;
				SWIFT_VERSION = 5.0;
				TARGETED_DEVICE_FAMILY = "1,2";
			};
			name = Release;
		};
/* End XCBuildConfiguration section */

/* Begin XCConfigurationList section */
		B96D12D52B9B8AAA006ADCEE /* Build configuration list for PBXProject "Threads" */ = {
			isa = XCConfigurationList;
			buildConfigurations = (
				B96D12E62B9B8AAB006ADCEE /* Debug */,
				B96D12E72B9B8AAB006ADCEE /* Release */,
			);
			defaultConfigurationIsVisible = 0;
			defaultConfigurationName = Release;
		};
		B96D12E82B9B8AAB006ADCEE /* Build configuration list for PBXNativeTarget "Threads" */ = {
			isa = XCConfigurationList;
			buildConfigurations = (
				B96D12E92B9B8AAB006ADCEE /* Debug */,
				B96D12EA2B9B8AAB006ADCEE /* Release */,
			);
			defaultConfigurationIsVisible = 0;
			defaultConfigurationName = Release;
		};
/* End XCConfigurationList section */

/* Begin XCRemoteSwiftPackageReference section */
		B95B95132B9C489D009C2F53 /* XCRemoteSwiftPackageReference "SwiftUI-Shimmer" */ = {
			isa = XCRemoteSwiftPackageReference;
			repositoryURL = "https://github.com/markiv/SwiftUI-Shimmer";
			requirement = {
				kind = upToNextMajorVersion;
				minimumVersion = 1.4.2;
			};
		};
		B96D12F72B9B953D006ADCEE /* XCRemoteSwiftPackageReference "Pow" */ = {
			isa = XCRemoteSwiftPackageReference;
			repositoryURL = "https://github.com/EmergeTools/Pow";
			requirement = {
				kind = upToNextMajorVersion;
				minimumVersion = 1.0.3;
			};
		};
/* End XCRemoteSwiftPackageReference section */

/* Begin XCSwiftPackageProductDependency section */
		B95B95142B9C489D009C2F53 /* Shimmer */ = {
			isa = XCSwiftPackageProductDependency;
			package = B95B95132B9C489D009C2F53 /* XCRemoteSwiftPackageReference "SwiftUI-Shimmer" */;
			productName = Shimmer;
		};
		B96D12F82B9B953D006ADCEE /* Pow */ = {
			isa = XCSwiftPackageProductDependency;
			package = B96D12F72B9B953D006ADCEE /* XCRemoteSwiftPackageReference "Pow" */;
			productName = Pow;
		};
/* End XCSwiftPackageProductDependency section */
	};
	rootObject = B96D12D22B9B8AAA006ADCEE /* Project object */;
}
